
Microsoft Visual Studio Solution File, Format Version 12.00
# Visual Studio Version 17
VisualStudioVersion = 17.0.32014.148
MinimumVisualStudioVersion = 10.0.40219.1
Project("{FAE04EC0-301F-11D3-BF4B-00C04F79EFBC}") = "MediatorMemento", "MediatorMemento\MediatorMemento.csproj", "{2E6340BA-8EC1-4736-ABA1-B7DEB09FBFD0}"
EndProject
Global
	GlobalSection(SolutionConfigurationPlatforms) = preSolution
		Debug|Any CPU = Debug|Any CPU
		Release|Any CPU = Release|Any CPU
	EndGlobalSection
	GlobalSection(ProjectConfigurationPlatforms) = postSolution
		{2E6340BA-8EC1-4736-ABA1-B7DEB09FBFD0}.Debug|Any CPU.ActiveCfg = Debug|Any CPU
		{2E6340BA-8EC1-4736-ABA1-B7DEB09FBFD0}.Debug|Any CPU.Build.0 = Debug|Any CPU
		{2E6340BA-8EC1-4736-ABA1-B7DEB09FBFD0}.Release|Any CPU.ActiveCfg = Release|Any CPU
		{2E6340BA-8EC1-4736-ABA1-B7DEB09FBFD0}.Release|Any CPU.Build.0 = Release|Any CPU
	EndGlobalSection
	GlobalSection(SolutionProperties) = preSolution
		HideSolutionNode = FALSE
	EndGlobalSection
	GlobalSection(ExtensibilityGlobals) = postSolution
		SolutionGuid = {5A290BD6-80F3-4C37-B0FE-C43ECE4AD091}
	EndGlobalSection
EndGlobal
